
Microsoft Visual Studio Solution File, Format Version 12.00
# Visual Studio Version 18
VisualStudioVersion = 18.0.11222.15
MinimumVisualStudioVersion = 10.0.40219.1
Project("{2150E333-8FDC-42A3-9474-1A3956D46DE8}") = "libs", "libs", "{A1000001-0000-4000-8000-000000000001}"
EndProject
Project("{2150E333-8FDC-42A3-9474-1A3956D46DE8}") = "shell", "shell", "{A1000002-0000-4000-8000-000000000002}"
EndProject
Project("{2150E333-8FDC-42A3-9474-1A3956D46DE8}") = "apps", "apps", "{A1000003-0000-4000-8000-000000000003}"
EndProject
Project("{2150E333-8FDC-42A3-9474-1A3956D46DE8}") = "cli", "cli", "{A1000004-0000-4000-8000-000000000004}"
EndProject
Project("{2150E333-8FDC-42A3-9474-1A3956D46DE8}") = "tests", "tests", "{A1000005-0000-4000-8000-000000000005}"
EndProject
Project("{FAE04EC0-301F-11D3-BF4B-00C04F79EFBC}") = "Rxdk.Xbdm.Abstractions", "src\Rxdk.Xbdm.Abstractions\Rxdk.Xbdm.Abstractions.csproj", "{B2A4E8C1-5F3D-4A9B-9C7E-1D2F3A4B5C6D}"
EndProject
Project("{FAE04EC0-301F-11D3-BF4B-00C04F79EFBC}") = "Rxdk.Xbdm.Managed", "src\Rxdk.Xbdm.Managed\Rxdk.Xbdm.Managed.csproj", "{C3B5F9D2-6A4E-4BAC-AD8F-2E3F4B5C6D7E}"
EndProject
Project("{FAE04EC0-301F-11D3-BF4B-00C04F79EFBC}") = "Rxdk.Xbdm.KitServices", "src\Rxdk.Xbdm.KitServices\Rxdk.Xbdm.KitServices.csproj", "{28D9591B-ADF1-4D5A-8E39-62DF986717B1}"
EndProject
Project("{FAE04EC0-301F-11D3-BF4B-00C04F79EFBC}") = "Rxdk.KitConfig", "src\Rxdk.KitConfig\Rxdk.KitConfig.csproj", "{5ACD00D6-7750-46BE-A807-9E323934F51E}"
EndProject
Project("{FAE04EC0-301F-11D3-BF4B-00C04F79EFBC}") = "Rxdk.XbNeighborhood.Core", "src\Rxdk.XbNeighborhood.Core\Rxdk.XbNeighborhood.Core.csproj", "{E199D0D2-7D08-4B6E-A807-B272F1CF2B92}"
EndProject
Project("{FAE04EC0-301F-11D3-BF4B-00C04F79EFBC}") = "Rxdk.XbFile", "src\Rxdk.XbFile\Rxdk.XbFile.csproj", "{3B2DB0B0-3B14-49E8-8447-59E9ED30B9C8}"
EndProject
Project("{FAE04EC0-301F-11D3-BF4B-00C04F79EFBC}") = "Rxdk.XbeImage", "src\Rxdk.XbeImage\Rxdk.XbeImage.csproj", "{8176AFA0-23F3-4806-8548-D9D0DDAEA91B}"
EndProject
Project("{FAE04EC0-301F-11D3-BF4B-00C04F79EFBC}") = "Rxdk.XboxDbgBridge", "src\Rxdk.XboxDbgBridge\Rxdk.XboxDbgBridge.csproj", "{E5F7A1B2-8C3D-4E5F-9A0B-1C2D3E4F5A6B}"
EndProject
Project("{FAE04EC0-301F-11D3-BF4B-00C04F79EFBC}") = "Rxdk.XboxLaunch", "src\Rxdk.XboxLaunch\Rxdk.XboxLaunch.csproj", "{FA3F9132-A61B-47C8-A522-BC17732E4E72}"
EndProject
Project("{FAE04EC0-301F-11D3-BF4B-00C04F79EFBC}") = "Rxdk.XbWatson.Core", "src\Rxdk.XbWatson.Core\Rxdk.XbWatson.Core.csproj", "{C452E9C4-1F32-4706-99A3-B1504E110AFD}"
EndProject
Project("{FAE04EC0-301F-11D3-BF4B-00C04F79EFBC}") = "Rxdk.XbShellExt", "src\Rxdk.XbShellExt\Rxdk.XbShellExt.csproj", "{89659BE1-B7D4-4E1B-9509-7BDA685F8618}"
EndProject
Project("{FAE04EC0-301F-11D3-BF4B-00C04F79EFBC}") = "Rxdk.XbShellExt.UI", "src\Rxdk.XbShellExt.UI\Rxdk.XbShellExt.UI.csproj", "{A7C3E8F1-2B4D-4E9A-9C6F-1D2E3F4A5B6C}"
EndProject
Project("{8BC9CEB8-8B4A-11D0-8D11-00A0C91BC942}") = "Rxdk.XbShellExt.Shell", "src\Rxdk.XbShellExt.Shell\Rxdk.XbShellExt.Shell.vcxproj", "{A1B2C3D4-E5F6-7890-ABCD-EF1234567890}"
EndProject
Project("{FAE04EC0-301F-11D3-BF4B-00C04F79EFBC}") = "Rxdk.XbNeighborhood", "src\Rxdk.XbNeighborhood\Rxdk.XbNeighborhood.csproj", "{81ED172E-E997-443C-BD11-E785CFE27891}"
EndProject
Project("{FAE04EC0-301F-11D3-BF4B-00C04F79EFBC}") = "Rxdk.XbWatson", "src\Rxdk.XbWatson\Rxdk.XbWatson.csproj", "{06375162-A33A-4743-80B1-4067971CB844}"
EndProject
Project("{FAE04EC0-301F-11D3-BF4B-00C04F79EFBC}") = "Rxdk.XbSet", "src\Rxdk.XbSet\Rxdk.XbSet.csproj", "{6068F44D-5126-4754-9320-9736747383AA}"
EndProject
Project("{FAE04EC0-301F-11D3-BF4B-00C04F79EFBC}") = "Rxdk.XbCp", "src\Rxdk.XbCp\Rxdk.XbCp.csproj", "{5391C786-9450-41D5-B7B0-763EE2DBBD90}"
EndProject
Project("{FAE04EC0-301F-11D3-BF4B-00C04F79EFBC}") = "Rxdk.XbDir", "src\Rxdk.XbDir\Rxdk.XbDir.csproj", "{155C47E4-1F7D-4AA0-AC20-DFFEB4AE49F6}"
EndProject
Project("{FAE04EC0-301F-11D3-BF4B-00C04F79EFBC}") = "Rxdk.XbMkdir", "src\Rxdk.XbMkdir\Rxdk.XbMkdir.csproj", "{CCFF8C94-BD5E-4382-8F5B-DF6F35B6879D}"
EndProject
Project("{FAE04EC0-301F-11D3-BF4B-00C04F79EFBC}") = "Rxdk.XbeCopy", "src\Rxdk.XbeCopy\Rxdk.XbeCopy.csproj", "{CB7D2312-D866-4577-A102-62B9247CEB41}"
EndProject
Project("{FAE04EC0-301F-11D3-BF4B-00C04F79EFBC}") = "Rxdk.ImageBld", "src\Rxdk.ImageBld\Rxdk.ImageBld.csproj", "{741EDFA9-3AF0-4E5A-BDE6-8B058ACC1993}"
EndProject
Project("{FAE04EC0-301F-11D3-BF4B-00C04F79EFBC}") = "Rxdk.XboxLaunch.Cli", "src\Rxdk.XboxLaunch.Cli\Rxdk.XboxLaunch.Cli.csproj", "{4912EF86-415E-4881-A9C6-4CA82F1C46DE}"
EndProject
Project("{FAE04EC0-301F-11D3-BF4B-00C04F79EFBC}") = "Rxdk.XboxDbgBridge.Cli", "src\Rxdk.XboxDbgBridge.Cli\Rxdk.XboxDbgBridge.Cli.csproj", "{12D059CE-7D08-44D4-89E0-98B2349ACEE6}"
EndProject
Project("{FAE04EC0-301F-11D3-BF4B-00C04F79EFBC}") = "Rxdk.Xbdm.Tests", "src\Rxdk.Xbdm.Tests\Rxdk.Xbdm.Tests.csproj", "{D4C6A0E3-7B5F-4CBD-BE9F-3F405C6D7E8F}"
EndProject
Project("{FAE04EC0-301F-11D3-BF4B-00C04F79EFBC}") = "Rxdk.Xbdm.KitServices.Tests", "src\Rxdk.Xbdm.KitServices.Tests\Rxdk.Xbdm.KitServices.Tests.csproj", "{5EAF96D6-5A40-41C6-8C34-9BF443854AD0}"
EndProject
Project("{FAE04EC0-301F-11D3-BF4B-00C04F79EFBC}") = "Rxdk.KitConfig.Tests", "src\Rxdk.KitConfig.Tests\Rxdk.KitConfig.Tests.csproj", "{CC09DA0A-CF61-4488-9D48-65F49F027FA0}"
EndProject
Project("{FAE04EC0-301F-11D3-BF4B-00C04F79EFBC}") = "Rxdk.XbWatson.Core.Tests", "src\Rxdk.XbWatson.Core.Tests\Rxdk.XbWatson.Core.Tests.csproj", "{7F904CF0-9187-4A48-820E-107D88C3FA4E}"
EndProject
Project("{FAE04EC0-301F-11D3-BF4B-00C04F79EFBC}") = "Rxdk.XbeImage.Tests", "src\Rxdk.XbeImage.Tests\Rxdk.XbeImage.Tests.csproj", "{F62E96A6-5A53-4060-9ECE-9B966A631C31}"
EndProject
Project("{2150E333-8FDC-42A3-9474-1A3956D46DE8}") = "src", "src", "{827E0CD3-B72D-47B6-A68D-7590B98EB39B}"
EndProject
Project("{FAE04EC0-301F-11D3-BF4B-00C04F79EFBC}") = "Rxdk.Pdb", "src\Rxdk.Pdb\Rxdk.Pdb.csproj", "{95A2D650-F8D8-4D6F-AF15-868EDC57A5C8}"
EndProject
Project("{FAE04EC0-301F-11D3-BF4B-00C04F79EFBC}") = "Rxdk.Pdb.Tests", "src\Rxdk.Pdb.Tests\Rxdk.Pdb.Tests.csproj", "{D3C3FEBB-D6B3-4478-AAAC-FC4DB454A249}"
EndProject
Global
	GlobalSection(SolutionConfigurationPlatforms) = preSolution
		Debug|Any CPU = Debug|Any CPU
		Debug|x64 = Debug|x64
		Debug|x86 = Debug|x86
		Release|Any CPU = Release|Any CPU
		Release|x64 = Release|x64
		Release|x86 = Release|x86
	EndGlobalSection
	GlobalSection(ProjectConfigurationPlatforms) = postSolution
		{B2A4E8C1-5F3D-4A9B-9C7E-1D2F3A4B5C6D}.Debug|Any CPU.ActiveCfg = Debug|Any CPU
		{B2A4E8C1-5F3D-4A9B-9C7E-1D2F3A4B5C6D}.Debug|Any CPU.Build.0 = Debug|Any CPU
		{B2A4E8C1-5F3D-4A9B-9C7E-1D2F3A4B5C6D}.Debug|x64.ActiveCfg = Debug|Any CPU
		{B2A4E8C1-5F3D-4A9B-9C7E-1D2F3A4B5C6D}.Debug|x64.Build.0 = Debug|Any CPU
		{B2A4E8C1-5F3D-4A9B-9C7E-1D2F3A4B5C6D}.Debug|x86.ActiveCfg = Debug|Any CPU
		{B2A4E8C1-5F3D-4A9B-9C7E-1D2F3A4B5C6D}.Debug|x86.Build.0 = Debug|Any CPU
		{B2A4E8C1-5F3D-4A9B-9C7E-1D2F3A4B5C6D}.Release|Any CPU.ActiveCfg = Release|Any CPU
		{B2A4E8C1-5F3D-4A9B-9C7E-1D2F3A4B5C6D}.Release|Any CPU.Build.0 = Release|Any CPU
		{B2A4E8C1-5F3D-4A9B-9C7E-1D2F3A4B5C6D}.Release|x64.ActiveCfg = Release|Any CPU
		{B2A4E8C1-5F3D-4A9B-9C7E-1D2F3A4B5C6D}.Release|x64.Build.0 = Release|Any CPU
		{B2A4E8C1-5F3D-4A9B-9C7E-1D2F3A4B5C6D}.Release|x86.ActiveCfg = Release|Any CPU
		{B2A4E8C1-5F3D-4A9B-9C7E-1D2F3A4B5C6D}.Release|x86.Build.0 = Release|Any CPU
		{C3B5F9D2-6A4E-4BAC-AD8F-2E3F4B5C6D7E}.Debug|Any CPU.ActiveCfg = Debug|Any CPU
		{C3B5F9D2-6A4E-4BAC-AD8F-2E3F4B5C6D7E}.Debug|Any CPU.Build.0 = Debug|Any CPU
		{C3B5F9D2-6A4E-4BAC-AD8F-2E3F4B5C6D7E}.Debug|x64.ActiveCfg = Debug|Any CPU
		{C3B5F9D2-6A4E-4BAC-AD8F-2E3F4B5C6D7E}.Debug|x64.Build.0 = Debug|Any CPU
		{C3B5F9D2-6A4E-4BAC-AD8F-2E3F4B5C6D7E}.Debug|x86.ActiveCfg = Debug|Any CPU
		{C3B5F9D2-6A4E-4BAC-AD8F-2E3F4B5C6D7E}.Debug|x86.Build.0 = Debug|Any CPU
		{C3B5F9D2-6A4E-4BAC-AD8F-2E3F4B5C6D7E}.Release|Any CPU.ActiveCfg = Release|Any CPU
		{C3B5F9D2-6A4E-4BAC-AD8F-2E3F4B5C6D7E}.Release|Any CPU.Build.0 = Release|Any CPU
		{C3B5F9D2-6A4E-4BAC-AD8F-2E3F4B5C6D7E}.Release|x64.ActiveCfg = Release|Any CPU
		{C3B5F9D2-6A4E-4BAC-AD8F-2E3F4B5C6D7E}.Release|x64.Build.0 = Release|Any CPU
		{C3B5F9D2-6A4E-4BAC-AD8F-2E3F4B5C6D7E}.Release|x86.ActiveCfg = Release|Any CPU
		{C3B5F9D2-6A4E-4BAC-AD8F-2E3F4B5C6D7E}.Release|x86.Build.0 = Release|Any CPU
		{28D9591B-ADF1-4D5A-8E39-62DF986717B1}.Debug|Any CPU.ActiveCfg = Debug|Any CPU
		{28D9591B-ADF1-4D5A-8E39-62DF986717B1}.Debug|Any CPU.Build.0 = Debug|Any CPU
		{28D9591B-ADF1-4D5A-8E39-62DF986717B1}.Debug|x64.ActiveCfg = Debug|Any CPU
		{28D9591B-ADF1-4D5A-8E39-62DF986717B1}.Debug|x64.Build.0 = Debug|Any CPU
		{28D9591B-ADF1-4D5A-8E39-62DF986717B1}.Debug|x86.ActiveCfg = Debug|Any CPU
		{28D9591B-ADF1-4D5A-8E39-62DF986717B1}.Debug|x86.Build.0 = Debug|Any CPU
		{28D9591B-ADF1-4D5A-8E39-62DF986717B1}.Release|Any CPU.ActiveCfg = Release|Any CPU
		{28D9591B-ADF1-4D5A-8E39-62DF986717B1}.Release|Any CPU.Build.0 = Release|Any CPU
		{28D9591B-ADF1-4D5A-8E39-62DF986717B1}.Release|x64.ActiveCfg = Release|Any CPU
		{28D9591B-ADF1-4D5A-8E39-62DF986717B1}.Release|x64.Build.0 = Release|Any CPU
		{28D9591B-ADF1-4D5A-8E39-62DF986717B1}.Release|x86.ActiveCfg = Release|Any CPU
		{28D9591B-ADF1-4D5A-8E39-62DF986717B1}.Release|x86.Build.0 = Release|Any CPU
		{5ACD00D6-7750-46BE-A807-9E323934F51E}.Debug|Any CPU.ActiveCfg = Debug|Any CPU
		{5ACD00D6-7750-46BE-A807-9E323934F51E}.Debug|Any CPU.Build.0 = Debug|Any CPU
		{5ACD00D6-7750-46BE-A807-9E323934F51E}.Debug|x64.ActiveCfg = Debug|Any CPU
		{5ACD00D6-7750-46BE-A807-9E323934F51E}.Debug|x64.Build.0 = Debug|Any CPU
		{5ACD00D6-7750-46BE-A807-9E323934F51E}.Debug|x86.ActiveCfg = Debug|Any CPU
		{5ACD00D6-7750-46BE-A807-9E323934F51E}.Debug|x86.Build.0 = Debug|Any CPU
		{5ACD00D6-7750-46BE-A807-9E323934F51E}.Release|Any CPU.ActiveCfg = Release|Any CPU
		{5ACD00D6-7750-46BE-A807-9E323934F51E}.Release|Any CPU.Build.0 = Release|Any CPU
		{5ACD00D6-7750-46BE-A807-9E323934F51E}.Release|x64.ActiveCfg = Release|Any CPU
		{5ACD00D6-7750-46BE-A807-9E323934F51E}.Release|x64.Build.0 = Release|Any CPU
		{5ACD00D6-7750-46BE-A807-9E323934F51E}.Release|x86.ActiveCfg = Release|Any CPU
		{5ACD00D6-7750-46BE-A807-9E323934F51E}.Release|x86.Build.0 = Release|Any CPU
		{E199D0D2-7D08-4B6E-A807-B272F1CF2B92}.Debug|Any CPU.ActiveCfg = Debug|Any CPU
		{E199D0D2-7D08-4B6E-A807-B272F1CF2B92}.Debug|Any CPU.Build.0 = Debug|Any CPU
		{E199D0D2-7D08-4B6E-A807-B272F1CF2B92}.Debug|x64.ActiveCfg = Debug|Any CPU
		{E199D0D2-7D08-4B6E-A807-B272F1CF2B92}.Debug|x64.Build.0 = Debug|Any CPU
		{E199D0D2-7D08-4B6E-A807-B272F1CF2B92}.Debug|x86.ActiveCfg = Debug|Any CPU
		{E199D0D2-7D08-4B6E-A807-B272F1CF2B92}.Debug|x86.Build.0 = Debug|Any CPU
		{E199D0D2-7D08-4B6E-A807-B272F1CF2B92}.Release|Any CPU.ActiveCfg = Release|Any CPU
		{E199D0D2-7D08-4B6E-A807-B272F1CF2B92}.Release|Any CPU.Build.0 = Release|Any CPU
		{E199D0D2-7D08-4B6E-A807-B272F1CF2B92}.Release|x64.ActiveCfg = Release|Any CPU
		{E199D0D2-7D08-4B6E-A807-B272F1CF2B92}.Release|x64.Build.0 = Release|Any CPU
		{E199D0D2-7D08-4B6E-A807-B272F1CF2B92}.Release|x86.ActiveCfg = Release|Any CPU
		{E199D0D2-7D08-4B6E-A807-B272F1CF2B92}.Release|x86.Build.0 = Release|Any CPU
		{3B2DB0B0-3B14-49E8-8447-59E9ED30B9C8}.Debug|Any CPU.ActiveCfg = Debug|Any CPU
		{3B2DB0B0-3B14-49E8-8447-59E9ED30B9C8}.Debug|Any CPU.Build.0 = Debug|Any CPU
		{3B2DB0B0-3B14-49E8-8447-59E9ED30B9C8}.Debug|x64.ActiveCfg = Debug|Any CPU
		{3B2DB0B0-3B14-49E8-8447-59E9ED30B9C8}.Debug|x64.Build.0 = Debug|Any CPU
		{3B2DB0B0-3B14-49E8-8447-59E9ED30B9C8}.Debug|x86.ActiveCfg = Debug|Any CPU
		{3B2DB0B0-3B14-49E8-8447-59E9ED30B9C8}.Debug|x86.Build.0 = Debug|Any CPU
		{3B2DB0B0-3B14-49E8-8447-59E9ED30B9C8}.Release|Any CPU.ActiveCfg = Release|Any CPU
		{3B2DB0B0-3B14-49E8-8447-59E9ED30B9C8}.Release|Any CPU.Build.0 = Release|Any CPU
		{3B2DB0B0-3B14-49E8-8447-59E9ED30B9C8}.Release|x64.ActiveCfg = Release|Any CPU
		{3B2DB0B0-3B14-49E8-8447-59E9ED30B9C8}.Release|x64.Build.0 = Release|Any CPU
		{3B2DB0B0-3B14-49E8-8447-59E9ED30B9C8}.Release|x86.ActiveCfg = Release|Any CPU
		{3B2DB0B0-3B14-49E8-8447-59E9ED30B9C8}.Release|x86.Build.0 = Release|Any CPU
		{8176AFA0-23F3-4806-8548-D9D0DDAEA91B}.Debug|Any CPU.ActiveCfg = Debug|Any CPU
		{8176AFA0-23F3-4806-8548-D9D0DDAEA91B}.Debug|Any CPU.Build.0 = Debug|Any CPU
		{8176AFA0-23F3-4806-8548-D9D0DDAEA91B}.Debug|x64.ActiveCfg = Debug|Any CPU
		{8176AFA0-23F3-4806-8548-D9D0DDAEA91B}.Debug|x64.Build.0 = Debug|Any CPU
		{8176AFA0-23F3-4806-8548-D9D0DDAEA91B}.Debug|x86.ActiveCfg = Debug|Any CPU
		{8176AFA0-23F3-4806-8548-D9D0DDAEA91B}.Debug|x86.Build.0 = Debug|Any CPU
		{8176AFA0-23F3-4806-8548-D9D0DDAEA91B}.Release|Any CPU.ActiveCfg = Release|Any CPU
		{8176AFA0-23F3-4806-8548-D9D0DDAEA91B}.Release|Any CPU.Build.0 = Release|Any CPU
		{8176AFA0-23F3-4806-8548-D9D0DDAEA91B}.Release|x64.ActiveCfg = Release|Any CPU
		{8176AFA0-23F3-4806-8548-D9D0DDAEA91B}.Release|x64.Build.0 = Release|Any CPU
		{8176AFA0-23F3-4806-8548-D9D0DDAEA91B}.Release|x86.ActiveCfg = Release|Any CPU
		{8176AFA0-23F3-4806-8548-D9D0DDAEA91B}.Release|x86.Build.0 = Release|Any CPU
		{E5F7A1B2-8C3D-4E5F-9A0B-1C2D3E4F5A6B}.Debug|Any CPU.ActiveCfg = Debug|Any CPU
		{E5F7A1B2-8C3D-4E5F-9A0B-1C2D3E4F5A6B}.Debug|Any CPU.Build.0 = Debug|Any CPU
		{E5F7A1B2-8C3D-4E5F-9A0B-1C2D3E4F5A6B}.Debug|x64.ActiveCfg = Debug|Any CPU
		{E5F7A1B2-8C3D-4E5F-9A0B-1C2D3E4F5A6B}.Debug|x64.Build.0 = Debug|Any CPU
		{E5F7A1B2-8C3D-4E5F-9A0B-1C2D3E4F5A6B}.Debug|x86.ActiveCfg = Debug|Any CPU
		{E5F7A1B2-8C3D-4E5F-9A0B-1C2D3E4F5A6B}.Debug|x86.Build.0 = Debug|Any CPU
		{E5F7A1B2-8C3D-4E5F-9A0B-1C2D3E4F5A6B}.Release|Any CPU.ActiveCfg = Release|Any CPU
		{E5F7A1B2-8C3D-4E5F-9A0B-1C2D3E4F5A6B}.Release|Any CPU.Build.0 = Release|Any CPU
		{E5F7A1B2-8C3D-4E5F-9A0B-1C2D3E4F5A6B}.Release|x64.ActiveCfg = Release|Any CPU
		{E5F7A1B2-8C3D-4E5F-9A0B-1C2D3E4F5A6B}.Release|x64.Build.0 = Release|Any CPU
		{E5F7A1B2-8C3D-4E5F-9A0B-1C2D3E4F5A6B}.Release|x86.ActiveCfg = Release|Any CPU
		{E5F7A1B2-8C3D-4E5F-9A0B-1C2D3E4F5A6B}.Release|x86.Build.0 = Release|Any CPU
		{FA3F9132-A61B-47C8-A522-BC17732E4E72}.Debug|Any CPU.ActiveCfg = Debug|Any CPU
		{FA3F9132-A61B-47C8-A522-BC17732E4E72}.Debug|Any CPU.Build.0 = Debug|Any CPU
		{FA3F9132-A61B-47C8-A522-BC17732E4E72}.Debug|x64.ActiveCfg = Debug|Any CPU
		{FA3F9132-A61B-47C8-A522-BC17732E4E72}.Debug|x64.Build.0 = Debug|Any CPU
		{FA3F9132-A61B-47C8-A522-BC17732E4E72}.Debug|x86.ActiveCfg = Debug|Any CPU
		{FA3F9132-A61B-47C8-A522-BC17732E4E72}.Debug|x86.Build.0 = Debug|Any CPU
		{FA3F9132-A61B-47C8-A522-BC17732E4E72}.Release|Any CPU.ActiveCfg = Release|Any CPU
		{FA3F9132-A61B-47C8-A522-BC17732E4E72}.Release|Any CPU.Build.0 = Release|Any CPU
		{FA3F9132-A61B-47C8-A522-BC17732E4E72}.Release|x64.ActiveCfg = Release|Any CPU
		{FA3F9132-A61B-47C8-A522-BC17732E4E72}.Release|x64.Build.0 = Release|Any CPU
		{FA3F9132-A61B-47C8-A522-BC17732E4E72}.Release|x86.ActiveCfg = Release|Any CPU
		{FA3F9132-A61B-47C8-A522-BC17732E4E72}.Release|x86.Build.0 = Release|Any CPU
		{C452E9C4-1F32-4706-99A3-B1504E110AFD}.Debug|Any CPU.ActiveCfg = Debug|Any CPU
		{C452E9C4-1F32-4706-99A3-B1504E110AFD}.Debug|Any CPU.Build.0 = Debug|Any CPU
		{C452E9C4-1F32-4706-99A3-B1504E110AFD}.Debug|x64.ActiveCfg = Debug|Any CPU
		{C452E9C4-1F32-4706-99A3-B1504E110AFD}.Debug|x64.Build.0 = Debug|Any CPU
		{C452E9C4-1F32-4706-99A3-B1504E110AFD}.Debug|x86.ActiveCfg = Debug|Any CPU
		{C452E9C4-1F32-4706-99A3-B1504E110AFD}.Debug|x86.Build.0 = Debug|Any CPU
		{C452E9C4-1F32-4706-99A3-B1504E110AFD}.Release|Any CPU.ActiveCfg = Release|Any CPU
		{C452E9C4-1F32-4706-99A3-B1504E110AFD}.Release|Any CPU.Build.0 = Release|Any CPU
		{C452E9C4-1F32-4706-99A3-B1504E110AFD}.Release|x64.ActiveCfg = Release|Any CPU
		{C452E9C4-1F32-4706-99A3-B1504E110AFD}.Release|x64.Build.0 = Release|Any CPU
		{C452E9C4-1F32-4706-99A3-B1504E110AFD}.Release|x86.ActiveCfg = Release|Any CPU
		{C452E9C4-1F32-4706-99A3-B1504E110AFD}.Release|x86.Build.0 = Release|Any CPU
		{89659BE1-B7D4-4E1B-9509-7BDA685F8618}.Debug|Any CPU.ActiveCfg = Debug|x64
		{89659BE1-B7D4-4E1B-9509-7BDA685F8618}.Debug|Any CPU.Build.0 = Debug|x64
		{89659BE1-B7D4-4E1B-9509-7BDA685F8618}.Debug|x64.ActiveCfg = Debug|x64
		{89659BE1-B7D4-4E1B-9509-7BDA685F8618}.Debug|x64.Build.0 = Debug|x64
		{89659BE1-B7D4-4E1B-9509-7BDA685F8618}.Debug|x86.ActiveCfg = Debug|x64
		{89659BE1-B7D4-4E1B-9509-7BDA685F8618}.Debug|x86.Build.0 = Debug|x64
		{89659BE1-B7D4-4E1B-9509-7BDA685F8618}.Release|Any CPU.ActiveCfg = Release|x64
		{89659BE1-B7D4-4E1B-9509-7BDA685F8618}.Release|Any CPU.Build.0 = Release|x64
		{89659BE1-B7D4-4E1B-9509-7BDA685F8618}.Release|x64.ActiveCfg = Release|x64
		{89659BE1-B7D4-4E1B-9509-7BDA685F8618}.Release|x64.Build.0 = Release|x64
		{89659BE1-B7D4-4E1B-9509-7BDA685F8618}.Release|x86.ActiveCfg = Release|x64
		{89659BE1-B7D4-4E1B-9509-7BDA685F8618}.Release|x86.Build.0 = Release|x64
		{A7C3E8F1-2B4D-4E9A-9C6F-1D2E3F4A5B6C}.Debug|Any CPU.ActiveCfg = Debug|Any CPU
		{A7C3E8F1-2B4D-4E9A-9C6F-1D2E3F4A5B6C}.Debug|Any CPU.Build.0 = Debug|Any CPU
		{A7C3E8F1-2B4D-4E9A-9C6F-1D2E3F4A5B6C}.Debug|x64.ActiveCfg = Debug|Any CPU
		{A7C3E8F1-2B4D-4E9A-9C6F-1D2E3F4A5B6C}.Debug|x64.Build.0 = Debug|Any CPU
		{A7C3E8F1-2B4D-4E9A-9C6F-1D2E3F4A5B6C}.Debug|x86.ActiveCfg = Debug|Any CPU
		{A7C3E8F1-2B4D-4E9A-9C6F-1D2E3F4A5B6C}.Debug|x86.Build.0 = Debug|Any CPU
		{A7C3E8F1-2B4D-4E9A-9C6F-1D2E3F4A5B6C}.Release|Any CPU.ActiveCfg = Release|Any CPU
		{A7C3E8F1-2B4D-4E9A-9C6F-1D2E3F4A5B6C}.Release|Any CPU.Build.0 = Release|Any CPU
		{A7C3E8F1-2B4D-4E9A-9C6F-1D2E3F4A5B6C}.Release|x64.ActiveCfg = Release|Any CPU
		{A7C3E8F1-2B4D-4E9A-9C6F-1D2E3F4A5B6C}.Release|x64.Build.0 = Release|Any CPU
		{A7C3E8F1-2B4D-4E9A-9C6F-1D2E3F4A5B6C}.Release|x86.ActiveCfg = Release|Any CPU
		{A7C3E8F1-2B4D-4E9A-9C6F-1D2E3F4A5B6C}.Release|x86.Build.0 = Release|Any CPU
		{A1B2C3D4-E5F6-7890-ABCD-EF1234567890}.Debug|Any CPU.ActiveCfg = Debug|x64
		{A1B2C3D4-E5F6-7890-ABCD-EF1234567890}.Debug|Any CPU.Build.0 = Debug|x64
		{A1B2C3D4-E5F6-7890-ABCD-EF1234567890}.Debug|x64.ActiveCfg = Debug|x64
		{A1B2C3D4-E5F6-7890-ABCD-EF1234567890}.Debug|x64.Build.0 = Debug|x64
		{A1B2C3D4-E5F6-7890-ABCD-EF1234567890}.Debug|x86.ActiveCfg = Debug|x64
		{A1B2C3D4-E5F6-7890-ABCD-EF1234567890}.Debug|x86.Build.0 = Debug|x64
		{A1B2C3D4-E5F6-7890-ABCD-EF1234567890}.Release|Any CPU.ActiveCfg = Release|x64
		{A1B2C3D4-E5F6-7890-ABCD-EF1234567890}.Release|Any CPU.Build.0 = Release|x64
		{A1B2C3D4-E5F6-7890-ABCD-EF1234567890}.Release|x64.ActiveCfg = Release|x64
		{A1B2C3D4-E5F6-7890-ABCD-EF1234567890}.Release|x64.Build.0 = Release|x64
		{A1B2C3D4-E5F6-7890-ABCD-EF1234567890}.Release|x86.ActiveCfg = Release|x64
		{A1B2C3D4-E5F6-7890-ABCD-EF1234567890}.Release|x86.Build.0 = Release|x64
		{81ED172E-E997-443C-BD11-E785CFE27891}.Debug|Any CPU.ActiveCfg = Debug|Any CPU
		{81ED172E-E997-443C-BD11-E785CFE27891}.Debug|Any CPU.Build.0 = Debug|Any CPU
		{81ED172E-E997-443C-BD11-E785CFE27891}.Debug|x64.ActiveCfg = Debug|Any CPU
		{81ED172E-E997-443C-BD11-E785CFE27891}.Debug|x64.Build.0 = Debug|Any CPU
		{81ED172E-E997-443C-BD11-E785CFE27891}.Debug|x86.ActiveCfg = Debug|Any CPU
		{81ED172E-E997-443C-BD11-E785CFE27891}.Debug|x86.Build.0 = Debug|Any CPU
		{81ED172E-E997-443C-BD11-E785CFE27891}.Release|Any CPU.ActiveCfg = Release|Any CPU
		{81ED172E-E997-443C-BD11-E785CFE27891}.Release|Any CPU.Build.0 = Release|Any CPU
		{81ED172E-E997-443C-BD11-E785CFE27891}.Release|x64.ActiveCfg = Release|Any CPU
		{81ED172E-E997-443C-BD11-E785CFE27891}.Release|x64.Build.0 = Release|Any CPU
		{81ED172E-E997-443C-BD11-E785CFE27891}.Release|x86.ActiveCfg = Release|Any CPU
		{81ED172E-E997-443C-BD11-E785CFE27891}.Release|x86.Build.0 = Release|Any CPU
		{06375162-A33A-4743-80B1-4067971CB844}.Debug|Any CPU.ActiveCfg = Debug|Any CPU
		{06375162-A33A-4743-80B1-4067971CB844}.Debug|Any CPU.Build.0 = Debug|Any CPU
		{06375162-A33A-4743-80B1-4067971CB844}.Debug|x64.ActiveCfg = Debug|Any CPU
		{06375162-A33A-4743-80B1-4067971CB844}.Debug|x64.Build.0 = Debug|Any CPU
		{06375162-A33A-4743-80B1-4067971CB844}.Debug|x86.ActiveCfg = Debug|Any CPU
		{06375162-A33A-4743-80B1-4067971CB844}.Debug|x86.Build.0 = Debug|Any CPU
		{06375162-A33A-4743-80B1-4067971CB844}.Release|Any CPU.ActiveCfg = Release|Any CPU
		{06375162-A33A-4743-80B1-4067971CB844}.Release|Any CPU.Build.0 = Release|Any CPU
		{06375162-A33A-4743-80B1-4067971CB844}.Release|x64.ActiveCfg = Release|Any CPU
		{06375162-A33A-4743-80B1-4067971CB844}.Release|x64.Build.0 = Release|Any CPU
		{06375162-A33A-4743-80B1-4067971CB844}.Release|x86.ActiveCfg = Release|Any CPU
		{06375162-A33A-4743-80B1-4067971CB844}.Release|x86.Build.0 = Release|Any CPU
		{6068F44D-5126-4754-9320-9736747383AA}.Debug|Any CPU.ActiveCfg = Debug|Any CPU
		{6068F44D-5126-4754-9320-9736747383AA}.Debug|Any CPU.Build.0 = Debug|Any CPU
		{6068F44D-5126-4754-9320-9736747383AA}.Debug|x64.ActiveCfg = Debug|Any CPU
		{6068F44D-5126-4754-9320-9736747383AA}.Debug|x64.Build.0 = Debug|Any CPU
		{6068F44D-5126-4754-9320-9736747383AA}.Debug|x86.ActiveCfg = Debug|Any CPU
		{6068F44D-5126-4754-9320-9736747383AA}.Debug|x86.Build.0 = Debug|Any CPU
		{6068F44D-5126-4754-9320-9736747383AA}.Release|Any CPU.ActiveCfg = Release|Any CPU
		{6068F44D-5126-4754-9320-9736747383AA}.Release|Any CPU.Build.0 = Release|Any CPU
		{6068F44D-5126-4754-9320-9736747383AA}.Release|x64.ActiveCfg = Release|Any CPU
		{6068F44D-5126-4754-9320-9736747383AA}.Release|x64.Build.0 = Release|Any CPU
		{6068F44D-5126-4754-9320-9736747383AA}.Release|x86.ActiveCfg = Release|Any CPU
		{6068F44D-5126-4754-9320-9736747383AA}.Release|x86.Build.0 = Release|Any CPU
		{5391C786-9450-41D5-B7B0-763EE2DBBD90}.Debug|Any CPU.ActiveCfg = Debug|Any CPU
		{5391C786-9450-41D5-B7B0-763EE2DBBD90}.Debug|Any CPU.Build.0 = Debug|Any CPU
		{5391C786-9450-41D5-B7B0-763EE2DBBD90}.Debug|x64.ActiveCfg = Debug|Any CPU
		{5391C786-9450-41D5-B7B0-763EE2DBBD90}.Debug|x64.Build.0 = Debug|Any CPU
		{5391C786-9450-41D5-B7B0-763EE2DBBD90}.Debug|x86.ActiveCfg = Debug|Any CPU
		{5391C786-9450-41D5-B7B0-763EE2DBBD90}.Debug|x86.Build.0 = Debug|Any CPU
		{5391C786-9450-41D5-B7B0-763EE2DBBD90}.Release|Any CPU.ActiveCfg = Release|Any CPU
		{5391C786-9450-41D5-B7B0-763EE2DBBD90}.Release|Any CPU.Build.0 = Release|Any CPU
		{5391C786-9450-41D5-B7B0-763EE2DBBD90}.Release|x64.ActiveCfg = Release|Any CPU
		{5391C786-9450-41D5-B7B0-763EE2DBBD90}.Release|x64.Build.0 = Release|Any CPU
		{5391C786-9450-41D5-B7B0-763EE2DBBD90}.Release|x86.ActiveCfg = Release|Any CPU
		{5391C786-9450-41D5-B7B0-763EE2DBBD90}.Release|x86.Build.0 = Release|Any CPU
		{155C47E4-1F7D-4AA0-AC20-DFFEB4AE49F6}.Debug|Any CPU.ActiveCfg = Debug|Any CPU
		{155C47E4-1F7D-4AA0-AC20-DFFEB4AE49F6}.Debug|Any CPU.Build.0 = Debug|Any CPU
		{155C47E4-1F7D-4AA0-AC20-DFFEB4AE49F6}.Debug|x64.ActiveCfg = Debug|Any CPU
		{155C47E4-1F7D-4AA0-AC20-DFFEB4AE49F6}.Debug|x64.Build.0 = Debug|Any CPU
		{155C47E4-1F7D-4AA0-AC20-DFFEB4AE49F6}.Debug|x86.ActiveCfg = Debug|Any CPU
		{155C47E4-1F7D-4AA0-AC20-DFFEB4AE49F6}.Debug|x86.Build.0 = Debug|Any CPU
		{155C47E4-1F7D-4AA0-AC20-DFFEB4AE49F6}.Release|Any CPU.ActiveCfg = Release|Any CPU
		{155C47E4-1F7D-4AA0-AC20-DFFEB4AE49F6}.Release|Any CPU.Build.0 = Release|Any CPU
		{155C47E4-1F7D-4AA0-AC20-DFFEB4AE49F6}.Release|x64.ActiveCfg = Release|Any CPU
		{155C47E4-1F7D-4AA0-AC20-DFFEB4AE49F6}.Release|x64.Build.0 = Release|Any CPU
		{155C47E4-1F7D-4AA0-AC20-DFFEB4AE49F6}.Release|x86.ActiveCfg = Release|Any CPU
		{155C47E4-1F7D-4AA0-AC20-DFFEB4AE49F6}.Release|x86.Build.0 = Release|Any CPU
		{CCFF8C94-BD5E-4382-8F5B-DF6F35B6879D}.Debug|Any CPU.ActiveCfg = Debug|Any CPU
		{CCFF8C94-BD5E-4382-8F5B-DF6F35B6879D}.Debug|Any CPU.Build.0 = Debug|Any CPU
		{CCFF8C94-BD5E-4382-8F5B-DF6F35B6879D}.Debug|x64.ActiveCfg = Debug|Any CPU
		{CCFF8C94-BD5E-4382-8F5B-DF6F35B6879D}.Debug|x64.Build.0 = Debug|Any CPU
		{CCFF8C94-BD5E-4382-8F5B-DF6F35B6879D}.Debug|x86.ActiveCfg = Debug|Any CPU
		{CCFF8C94-BD5E-4382-8F5B-DF6F35B6879D}.Debug|x86.Build.0 = Debug|Any CPU
		{CCFF8C94-BD5E-4382-8F5B-DF6F35B6879D}.Release|Any CPU.ActiveCfg = Release|Any CPU
		{CCFF8C94-BD5E-4382-8F5B-DF6F35B6879D}.Release|Any CPU.Build.0 = Release|Any CPU
		{CCFF8C94-BD5E-4382-8F5B-DF6F35B6879D}.Release|x64.ActiveCfg = Release|Any CPU
		{CCFF8C94-BD5E-4382-8F5B-DF6F35B6879D}.Release|x64.Build.0 = Release|Any CPU
		{CCFF8C94-BD5E-4382-8F5B-DF6F35B6879D}.Release|x86.ActiveCfg = Release|Any CPU
		{CCFF8C94-BD5E-4382-8F5B-DF6F35B6879D}.Release|x86.Build.0 = Release|Any CPU
		{CB7D2312-D866-4577-A102-62B9247CEB41}.Debug|Any CPU.ActiveCfg = Debug|Any CPU
		{CB7D2312-D866-4577-A102-62B9247CEB41}.Debug|Any CPU.Build.0 = Debug|Any CPU
		{CB7D2312-D866-4577-A102-62B9247CEB41}.Debug|x64.ActiveCfg = Debug|Any CPU
		{CB7D2312-D866-4577-A102-62B9247CEB41}.Debug|x64.Build.0 = Debug|Any CPU
		{CB7D2312-D866-4577-A102-62B9247CEB41}.Debug|x86.ActiveCfg = Debug|Any CPU
		{CB7D2312-D866-4577-A102-62B9247CEB41}.Debug|x86.Build.0 = Debug|Any CPU
		{CB7D2312-D866-4577-A102-62B9247CEB41}.Release|Any CPU.ActiveCfg = Release|Any CPU
		{CB7D2312-D866-4577-A102-62B9247CEB41}.Release|Any CPU.Build.0 = Release|Any CPU
		{CB7D2312-D866-4577-A102-62B9247CEB41}.Release|x64.ActiveCfg = Release|Any CPU
		{CB7D2312-D866-4577-A102-62B9247CEB41}.Release|x64.Build.0 = Release|Any CPU
		{CB7D2312-D866-4577-A102-62B9247CEB41}.Release|x86.ActiveCfg = Release|Any CPU
		{CB7D2312-D866-4577-A102-62B9247CEB41}.Release|x86.Build.0 = Release|Any CPU
		{741EDFA9-3AF0-4E5A-BDE6-8B058ACC1993}.Debug|Any CPU.ActiveCfg = Debug|Any CPU
		{741EDFA9-3AF0-4E5A-BDE6-8B058ACC1993}.Debug|Any CPU.Build.0 = Debug|Any CPU
		{741EDFA9-3AF0-4E5A-BDE6-8B058ACC1993}.Debug|x64.ActiveCfg = Debug|Any CPU
		{741EDFA9-3AF0-4E5A-BDE6-8B058ACC1993}.Debug|x64.Build.0 = Debug|Any CPU
		{741EDFA9-3AF0-4E5A-BDE6-8B058ACC1993}.Debug|x86.ActiveCfg = Debug|Any CPU
		{741EDFA9-3AF0-4E5A-BDE6-8B058ACC1993}.Debug|x86.Build.0 = Debug|Any CPU
		{741EDFA9-3AF0-4E5A-BDE6-8B058ACC1993}.Release|Any CPU.ActiveCfg = Release|Any CPU
		{741EDFA9-3AF0-4E5A-BDE6-8B058ACC1993}.Release|Any CPU.Build.0 = Release|Any CPU
		{741EDFA9-3AF0-4E5A-BDE6-8B058ACC1993}.Release|x64.ActiveCfg = Release|Any CPU
		{741EDFA9-3AF0-4E5A-BDE6-8B058ACC1993}.Release|x64.Build.0 = Release|Any CPU
		{741EDFA9-3AF0-4E5A-BDE6-8B058ACC1993}.Release|x86.ActiveCfg = Release|Any CPU
		{741EDFA9-3AF0-4E5A-BDE6-8B058ACC1993}.Release|x86.Build.0 = Release|Any CPU
		{4912EF86-415E-4881-A9C6-4CA82F1C46DE}.Debug|Any CPU.ActiveCfg = Debug|Any CPU
		{4912EF86-415E-4881-A9C6-4CA82F1C46DE}.Debug|Any CPU.Build.0 = Debug|Any CPU
		{4912EF86-415E-4881-A9C6-4CA82F1C46DE}.Debug|x64.ActiveCfg = Debug|Any CPU
		{4912EF86-415E-4881-A9C6-4CA82F1C46DE}.Debug|x64.Build.0 = Debug|Any CPU
		{4912EF86-415E-4881-A9C6-4CA82F1C46DE}.Debug|x86.ActiveCfg = Debug|Any CPU
		{4912EF86-415E-4881-A9C6-4CA82F1C46DE}.Debug|x86.Build.0 = Debug|Any CPU
		{4912EF86-415E-4881-A9C6-4CA82F1C46DE}.Release|Any CPU.ActiveCfg = Release|Any CPU
		{4912EF86-415E-4881-A9C6-4CA82F1C46DE}.Release|Any CPU.Build.0 = Release|Any CPU
		{4912EF86-415E-4881-A9C6-4CA82F1C46DE}.Release|x64.ActiveCfg = Release|Any CPU
		{4912EF86-415E-4881-A9C6-4CA82F1C46DE}.Release|x64.Build.0 = Release|Any CPU
		{4912EF86-415E-4881-A9C6-4CA82F1C46DE}.Release|x86.ActiveCfg = Release|Any CPU
		{4912EF86-415E-4881-A9C6-4CA82F1C46DE}.Release|x86.Build.0 = Release|Any CPU
		{12D059CE-7D08-44D4-89E0-98B2349ACEE6}.Debug|Any CPU.ActiveCfg = Debug|Any CPU
		{12D059CE-7D08-44D4-89E0-98B2349ACEE6}.Debug|Any CPU.Build.0 = Debug|Any CPU
		{12D059CE-7D08-44D4-89E0-98B2349ACEE6}.Debug|x64.ActiveCfg = Debug|Any CPU
		{12D059CE-7D08-44D4-89E0-98B2349ACEE6}.Debug|x64.Build.0 = Debug|Any CPU
		{12D059CE-7D08-44D4-89E0-98B2349ACEE6}.Debug|x86.ActiveCfg = Debug|Any CPU
		{12D059CE-7D08-44D4-89E0-98B2349ACEE6}.Debug|x86.Build.0 = Debug|Any CPU
		{12D059CE-7D08-44D4-89E0-98B2349ACEE6}.Release|Any CPU.ActiveCfg = Release|Any CPU
		{12D059CE-7D08-44D4-89E0-98B2349ACEE6}.Release|Any CPU.Build.0 = Release|Any CPU
		{12D059CE-7D08-44D4-89E0-98B2349ACEE6}.Release|x64.ActiveCfg = Release|Any CPU
		{12D059CE-7D08-44D4-89E0-98B2349ACEE6}.Release|x64.Build.0 = Release|Any CPU
		{12D059CE-7D08-44D4-89E0-98B2349ACEE6}.Release|x86.ActiveCfg = Release|Any CPU
		{12D059CE-7D08-44D4-89E0-98B2349ACEE6}.Release|x86.Build.0 = Release|Any CPU
		{D4C6A0E3-7B5F-4CBD-BE9F-3F405C6D7E8F}.Debug|Any CPU.ActiveCfg = Debug|Any CPU
		{D4C6A0E3-7B5F-4CBD-BE9F-3F405C6D7E8F}.Debug|Any CPU.Build.0 = Debug|Any CPU
		{D4C6A0E3-7B5F-4CBD-BE9F-3F405C6D7E8F}.Debug|x64.ActiveCfg = Debug|Any CPU
		{D4C6A0E3-7B5F-4CBD-BE9F-3F405C6D7E8F}.Debug|x64.Build.0 = Debug|Any CPU
		{D4C6A0E3-7B5F-4CBD-BE9F-3F405C6D7E8F}.Debug|x86.ActiveCfg = Debug|Any CPU
		{D4C6A0E3-7B5F-4CBD-BE9F-3F405C6D7E8F}.Debug|x86.Build.0 = Debug|Any CPU
		{D4C6A0E3-7B5F-4CBD-BE9F-3F405C6D7E8F}.Release|Any CPU.ActiveCfg = Release|Any CPU
		{D4C6A0E3-7B5F-4CBD-BE9F-3F405C6D7E8F}.Release|Any CPU.Build.0 = Release|Any CPU
		{D4C6A0E3-7B5F-4CBD-BE9F-3F405C6D7E8F}.Release|x64.ActiveCfg = Release|Any CPU
		{D4C6A0E3-7B5F-4CBD-BE9F-3F405C6D7E8F}.Release|x64.Build.0 = Release|Any CPU
		{D4C6A0E3-7B5F-4CBD-BE9F-3F405C6D7E8F}.Release|x86.ActiveCfg = Release|Any CPU
		{D4C6A0E3-7B5F-4CBD-BE9F-3F405C6D7E8F}.Release|x86.Build.0 = Release|Any CPU
		{5EAF96D6-5A40-41C6-8C34-9BF443854AD0}.Debug|Any CPU.ActiveCfg = Debug|Any CPU
		{5EAF96D6-5A40-41C6-8C34-9BF443854AD0}.Debug|Any CPU.Build.0 = Debug|Any CPU
		{5EAF96D6-5A40-41C6-8C34-9BF443854AD0}.Debug|x64.ActiveCfg = Debug|Any CPU
		{5EAF96D6-5A40-41C6-8C34-9BF443854AD0}.Debug|x64.Build.0 = Debug|Any CPU
		{5EAF96D6-5A40-41C6-8C34-9BF443854AD0}.Debug|x86.ActiveCfg = Debug|Any CPU
		{5EAF96D6-5A40-41C6-8C34-9BF443854AD0}.Debug|x86.Build.0 = Debug|Any CPU
		{5EAF96D6-5A40-41C6-8C34-9BF443854AD0}.Release|Any CPU.ActiveCfg = Release|Any CPU
		{5EAF96D6-5A40-41C6-8C34-9BF443854AD0}.Release|Any CPU.Build.0 = Release|Any CPU
		{5EAF96D6-5A40-41C6-8C34-9BF443854AD0}.Release|x64.ActiveCfg = Release|Any CPU
		{5EAF96D6-5A40-41C6-8C34-9BF443854AD0}.Release|x64.Build.0 = Release|Any CPU
		{5EAF96D6-5A40-41C6-8C34-9BF443854AD0}.Release|x86.ActiveCfg = Release|Any CPU
		{5EAF96D6-5A40-41C6-8C34-9BF443854AD0}.Release|x86.Build.0 = Release|Any CPU
		{CC09DA0A-CF61-4488-9D48-65F49F027FA0}.Debug|Any CPU.ActiveCfg = Debug|Any CPU
		{CC09DA0A-CF61-4488-9D48-65F49F027FA0}.Debug|Any CPU.Build.0 = Debug|Any CPU
		{CC09DA0A-CF61-4488-9D48-65F49F027FA0}.Debug|x64.ActiveCfg = Debug|Any CPU
		{CC09DA0A-CF61-4488-9D48-65F49F027FA0}.Debug|x64.Build.0 = Debug|Any CPU
		{CC09DA0A-CF61-4488-9D48-65F49F027FA0}.Debug|x86.ActiveCfg = Debug|Any CPU
		{CC09DA0A-CF61-4488-9D48-65F49F027FA0}.Debug|x86.Build.0 = Debug|Any CPU
		{CC09DA0A-CF61-4488-9D48-65F49F027FA0}.Release|Any CPU.ActiveCfg = Release|Any CPU
		{CC09DA0A-CF61-4488-9D48-65F49F027FA0}.Release|Any CPU.Build.0 = Release|Any CPU
		{CC09DA0A-CF61-4488-9D48-65F49F027FA0}.Release|x64.ActiveCfg = Release|Any CPU
		{CC09DA0A-CF61-4488-9D48-65F49F027FA0}.Release|x64.Build.0 = Release|Any CPU
		{CC09DA0A-CF61-4488-9D48-65F49F027FA0}.Release|x86.ActiveCfg = Release|Any CPU
		{CC09DA0A-CF61-4488-9D48-65F49F027FA0}.Release|x86.Build.0 = Release|Any CPU
		{7F904CF0-9187-4A48-820E-107D88C3FA4E}.Debug|Any CPU.ActiveCfg = Debug|Any CPU
		{7F904CF0-9187-4A48-820E-107D88C3FA4E}.Debug|Any CPU.Build.0 = Debug|Any CPU
		{7F904CF0-9187-4A48-820E-107D88C3FA4E}.Debug|x64.ActiveCfg = Debug|Any CPU
		{7F904CF0-9187-4A48-820E-107D88C3FA4E}.Debug|x64.Build.0 = Debug|Any CPU
		{7F904CF0-9187-4A48-820E-107D88C3FA4E}.Debug|x86.ActiveCfg = Debug|Any CPU
		{7F904CF0-9187-4A48-820E-107D88C3FA4E}.Debug|x86.Build.0 = Debug|Any CPU
		{7F904CF0-9187-4A48-820E-107D88C3FA4E}.Release|Any CPU.ActiveCfg = Release|Any CPU
		{7F904CF0-9187-4A48-820E-107D88C3FA4E}.Release|Any CPU.Build.0 = Release|Any CPU
		{7F904CF0-9187-4A48-820E-107D88C3FA4E}.Release|x64.ActiveCfg = Release|Any CPU
		{7F904CF0-9187-4A48-820E-107D88C3FA4E}.Release|x64.Build.0 = Release|Any CPU
		{7F904CF0-9187-4A48-820E-107D88C3FA4E}.Release|x86.ActiveCfg = Release|Any CPU
		{7F904CF0-9187-4A48-820E-107D88C3FA4E}.Release|x86.Build.0 = Release|Any CPU
		{F62E96A6-5A53-4060-9ECE-9B966A631C31}.Debug|Any CPU.ActiveCfg = Debug|Any CPU
		{F62E96A6-5A53-4060-9ECE-9B966A631C31}.Debug|Any CPU.Build.0 = Debug|Any CPU
		{F62E96A6-5A53-4060-9ECE-9B966A631C31}.Debug|x64.ActiveCfg = Debug|Any CPU
		{F62E96A6-5A53-4060-9ECE-9B966A631C31}.Debug|x64.Build.0 = Debug|Any CPU
		{F62E96A6-5A53-4060-9ECE-9B966A631C31}.Debug|x86.ActiveCfg = Debug|Any CPU
		{F62E96A6-5A53-4060-9ECE-9B966A631C31}.Debug|x86.Build.0 = Debug|Any CPU
		{F62E96A6-5A53-4060-9ECE-9B966A631C31}.Release|Any CPU.ActiveCfg = Release|Any CPU
		{F62E96A6-5A53-4060-9ECE-9B966A631C31}.Release|Any CPU.Build.0 = Release|Any CPU
		{F62E96A6-5A53-4060-9ECE-9B966A631C31}.Release|x64.ActiveCfg = Release|Any CPU
		{F62E96A6-5A53-4060-9ECE-9B966A631C31}.Release|x64.Build.0 = Release|Any CPU
		{F62E96A6-5A53-4060-9ECE-9B966A631C31}.Release|x86.ActiveCfg = Release|Any CPU
		{F62E96A6-5A53-4060-9ECE-9B966A631C31}.Release|x86.Build.0 = Release|Any CPU
		{95A2D650-F8D8-4D6F-AF15-868EDC57A5C8}.Debug|Any CPU.ActiveCfg = Debug|Any CPU
		{95A2D650-F8D8-4D6F-AF15-868EDC57A5C8}.Debug|Any CPU.Build.0 = Debug|Any CPU
		{95A2D650-F8D8-4D6F-AF15-868EDC57A5C8}.Debug|x64.ActiveCfg = Debug|Any CPU
		{95A2D650-F8D8-4D6F-AF15-868EDC57A5C8}.Debug|x64.Build.0 = Debug|Any CPU
		{95A2D650-F8D8-4D6F-AF15-868EDC57A5C8}.Debug|x86.ActiveCfg = Debug|Any CPU
		{95A2D650-F8D8-4D6F-AF15-868EDC57A5C8}.Debug|x86.Build.0 = Debug|Any CPU
		{95A2D650-F8D8-4D6F-AF15-868EDC57A5C8}.Release|Any CPU.ActiveCfg = Release|Any CPU
		{95A2D650-F8D8-4D6F-AF15-868EDC57A5C8}.Release|Any CPU.Build.0 = Release|Any CPU
		{95A2D650-F8D8-4D6F-AF15-868EDC57A5C8}.Release|x64.ActiveCfg = Release|Any CPU
		{95A2D650-F8D8-4D6F-AF15-868EDC57A5C8}.Release|x64.Build.0 = Release|Any CPU
		{95A2D650-F8D8-4D6F-AF15-868EDC57A5C8}.Release|x86.ActiveCfg = Release|Any CPU
		{95A2D650-F8D8-4D6F-AF15-868EDC57A5C8}.Release|x86.Build.0 = Release|Any CPU
		{D3C3FEBB-D6B3-4478-AAAC-FC4DB454A249}.Debug|Any CPU.ActiveCfg = Debug|Any CPU
		{D3C3FEBB-D6B3-4478-AAAC-FC4DB454A249}.Debug|Any CPU.Build.0 = Debug|Any CPU
		{D3C3FEBB-D6B3-4478-AAAC-FC4DB454A249}.Debug|x64.ActiveCfg = Debug|Any CPU
		{D3C3FEBB-D6B3-4478-AAAC-FC4DB454A249}.Debug|x64.Build.0 = Debug|Any CPU
		{D3C3FEBB-D6B3-4478-AAAC-FC4DB454A249}.Debug|x86.ActiveCfg = Debug|Any CPU
		{D3C3FEBB-D6B3-4478-AAAC-FC4DB454A249}.Debug|x86.Build.0 = Debug|Any CPU
		{D3C3FEBB-D6B3-4478-AAAC-FC4DB454A249}.Release|Any CPU.ActiveCfg = Release|Any CPU
		{D3C3FEBB-D6B3-4478-AAAC-FC4DB454A249}.Release|Any CPU.Build.0 = Release|Any CPU
		{D3C3FEBB-D6B3-4478-AAAC-FC4DB454A249}.Release|x64.ActiveCfg = Release|Any CPU
		{D3C3FEBB-D6B3-4478-AAAC-FC4DB454A249}.Release|x64.Build.0 = Release|Any CPU
		{D3C3FEBB-D6B3-4478-AAAC-FC4DB454A249}.Release|x86.ActiveCfg = Release|Any CPU
		{D3C3FEBB-D6B3-4478-AAAC-FC4DB454A249}.Release|x86.Build.0 = Release|Any CPU
	EndGlobalSection
	GlobalSection(SolutionProperties) = preSolution
		HideSolutionNode = FALSE
	EndGlobalSection
	GlobalSection(NestedProjects) = preSolution
		{B2A4E8C1-5F3D-4A9B-9C7E-1D2F3A4B5C6D} = {A1000001-0000-4000-8000-000000000001}
		{C3B5F9D2-6A4E-4BAC-AD8F-2E3F4B5C6D7E} = {A1000001-0000-4000-8000-000000000001}
		{28D9591B-ADF1-4D5A-8E39-62DF986717B1} = {A1000001-0000-4000-8000-000000000001}
		{5ACD00D6-7750-46BE-A807-9E323934F51E} = {A1000001-0000-4000-8000-000000000001}
		{E199D0D2-7D08-4B6E-A807-B272F1CF2B92} = {A1000001-0000-4000-8000-000000000001}
		{3B2DB0B0-3B14-49E8-8447-59E9ED30B9C8} = {A1000001-0000-4000-8000-000000000001}
		{8176AFA0-23F3-4806-8548-D9D0DDAEA91B} = {A1000001-0000-4000-8000-000000000001}
		{E5F7A1B2-8C3D-4E5F-9A0B-1C2D3E4F5A6B} = {A1000001-0000-4000-8000-000000000001}
		{FA3F9132-A61B-47C8-A522-BC17732E4E72} = {A1000001-0000-4000-8000-000000000001}
		{C452E9C4-1F32-4706-99A3-B1504E110AFD} = {A1000001-0000-4000-8000-000000000001}
		{89659BE1-B7D4-4E1B-9509-7BDA685F8618} = {A1000002-0000-4000-8000-000000000002}
		{A7C3E8F1-2B4D-4E9A-9C6F-1D2E3F4A5B6C} = {A1000002-0000-4000-8000-000000000002}
		{A1B2C3D4-E5F6-7890-ABCD-EF1234567890} = {A1000002-0000-4000-8000-000000000002}
		{81ED172E-E997-443C-BD11-E785CFE27891} = {A1000003-0000-4000-8000-000000000003}
		{06375162-A33A-4743-80B1-4067971CB844} = {A1000003-0000-4000-8000-000000000003}
		{6068F44D-5126-4754-9320-9736747383AA} = {A1000004-0000-4000-8000-000000000004}
		{5391C786-9450-41D5-B7B0-763EE2DBBD90} = {A1000004-0000-4000-8000-000000000004}
		{155C47E4-1F7D-4AA0-AC20-DFFEB4AE49F6} = {A1000004-0000-4000-8000-000000000004}
		{CCFF8C94-BD5E-4382-8F5B-DF6F35B6879D} = {A1000004-0000-4000-8000-000000000004}
		{CB7D2312-D866-4577-A102-62B9247CEB41} = {A1000004-0000-4000-8000-000000000004}
		{741EDFA9-3AF0-4E5A-BDE6-8B058ACC1993} = {A1000004-0000-4000-8000-000000000004}
		{4912EF86-415E-4881-A9C6-4CA82F1C46DE} = {A1000004-0000-4000-8000-000000000004}
		{12D059CE-7D08-44D4-89E0-98B2349ACEE6} = {A1000004-0000-4000-8000-000000000004}
		{D4C6A0E3-7B5F-4CBD-BE9F-3F405C6D7E8F} = {A1000005-0000-4000-8000-000000000005}
		{5EAF96D6-5A40-41C6-8C34-9BF443854AD0} = {A1000005-0000-4000-8000-000000000005}
		{CC09DA0A-CF61-4488-9D48-65F49F027FA0} = {A1000005-0000-4000-8000-000000000005}
		{7F904CF0-9187-4A48-820E-107D88C3FA4E} = {A1000005-0000-4000-8000-000000000005}
		{F62E96A6-5A53-4060-9ECE-9B966A631C31} = {A1000005-0000-4000-8000-000000000005}
		{95A2D650-F8D8-4D6F-AF15-868EDC57A5C8} = {827E0CD3-B72D-47B6-A68D-7590B98EB39B}
		{D3C3FEBB-D6B3-4478-AAAC-FC4DB454A249} = {827E0CD3-B72D-47B6-A68D-7590B98EB39B}
	EndGlobalSection
	GlobalSection(ExtensibilityGlobals) = postSolution
		SolutionGuid = {9BAC8E47-428E-4F44-9A01-7EFE5823358F}
	EndGlobalSection
EndGlobal
